// !$*UTF8*$!
{
	archiveVersion = 1;
	classes = {
	};
	objectVersion = 46;
	objects = {

/* Begin PBXBuildFile section */
		B716D05F15DBDDBA00BD4AB1 /* Foundation.framework in Frameworks */ = {isa = PBXBuildFile; fileRef = B716D05E15DBDDBA00BD4AB1 /* Foundation.framework */; };
		B716D0BA15DBDE1500BD4AB1 /* DDData.m in Sources */ = {isa = PBXBuildFile; fileRef = B716D07615DBDDFF00BD4AB1 /* DDData.m */; };
		B716D0BB15DBDE1500BD4AB1 /* DDNumber.m in Sources */ = {isa = PBXBuildFile; fileRef = B716D07815DBDDFF00BD4AB1 /* DDNumber.m */; };
		B716D0BC15DBDE1500BD4AB1 /* DDRange.m in Sources */ = {isa = PBXBuildFile; fileRef = B716D07A15DBDDFF00BD4AB1 /* DDRange.m */; };
		B716D0BD15DBDE1500BD4AB1 /* RHHTTPAuthenticationRequest.m in Sources */ = {isa = PBXBuildFile; fileRef = B716D07C15DBDDFF00BD4AB1 /* RHHTTPAuthenticationRequest.m */; };
		B716D0BE15DBDE1500BD4AB1 /* RHHTTPConnection.m in Sources */ = {isa = PBXBuildFile; fileRef = B716D07E15DBDDFF00BD4AB1 /* RHHTTPConnection.m */; };
		B716D0BF15DBDE1500BD4AB1 /* RHHTTPMessage.m in Sources */ = {isa = PBXBuildFile; fileRef = B716D08115DBDDFF00BD4AB1 /* RHHTTPMessage.m */; };
		B716D0C015DBDE1500BD4AB1 /* RHHTTPServer.m in Sources */ = {isa = PBXBuildFile; fileRef = B716D08415DBDDFF00BD4AB1 /* RHHTTPServer.m */; };
		B716D0C115DBDE1800BD4AB1 /* RHMultipartFormDataParser.m in Sources */ = {isa = PBXBuildFile; fileRef = B716D08715DBDDFF00BD4AB1 /* RHMultipartFormDataParser.m */; };
		B716D0C215DBDE1800BD4AB1 /* RHMultipartMessageHeader.m in Sources */ = {isa = PBXBuildFile; fileRef = B716D08915DBDDFF00BD4AB1 /* RHMultipartMessageHeader.m */; };
		B716D0C315DBDE1800BD4AB1 /* RHMultipartMessageHeaderField.m in Sources */ = {isa = PBXBuildFile; fileRef = B716D08B15DBDDFF00BD4AB1 /* RHMultipartMessageHeaderField.m */; };
		B716D0C415DBDE1B00BD4AB1 /* RHHTTPAsyncFileResponse.m in Sources */ = {isa = PBXBuildFile; fileRef = B716D08E15DBDDFF00BD4AB1 /* RHHTTPAsyncFileResponse.m */; };
		B716D0C515DBDE1B00BD4AB1 /* RHHTTPDataResponse.m in Sources */ = {isa = PBXBuildFile; fileRef = B716D09015DBDDFF00BD4AB1 /* RHHTTPDataResponse.m */; };
		B716D0C615DBDE1B00BD4AB1 /* RHHTTPDynamicFileResponse.m in Sources */ = {isa = PBXBuildFile; fileRef = B716D09215DBDDFF00BD4AB1 /* RHHTTPDynamicFileResponse.m */; };
		B716D0C715DBDE1B00BD4AB1 /* RHHTTPFileResponse.m in Sources */ = {isa = PBXBuildFile; fileRef = B716D09415DBDDFF00BD4AB1 /* RHHTTPFileResponse.m */; };
		B716D0C815DBDE1B00BD4AB1 /* RHHTTPRedirectResponse.m in Sources */ = {isa = PBXBuildFile; fileRef = B716D09615DBDDFF00BD4AB1 /* RHHTTPRedirectResponse.m */; };
		B716D0C915DBDE1B00BD4AB1 /* RHWebSocket.m in Sources */ = {isa = PBXBuildFile; fileRef = B716D09815DBDDFF00BD4AB1 /* RHWebSocket.m */; };
		B716D0CA15DBDE1D00BD4AB1 /* RHDAVConnection.m in Sources */ = {isa = PBXBuildFile; fileRef = B716D09C15DBDDFF00BD4AB1 /* RHDAVConnection.m */; };
		B716D0CB15DBDE1D00BD4AB1 /* RHDAVResponse.m in Sources */ = {isa = PBXBuildFile; fileRef = B716D09E15DBDDFF00BD4AB1 /* RHDAVResponse.m */; };
		B716D0CC15DBDE1D00BD4AB1 /* RHDELETEResponse.m in Sources */ = {isa = PBXBuildFile; fileRef = B716D0A015DBDDFF00BD4AB1 /* RHDELETEResponse.m */; };
		B716D0CD15DBDE1D00BD4AB1 /* RHPUTResponse.m in Sources */ = {isa = PBXBuildFile; fileRef = B716D0A215DBDDFF00BD4AB1 /* RHPUTResponse.m */; };
		B716D0CE15DBDE2200BD4AB1 /* GCDAsyncSocket.m in Sources */ = {isa = PBXBuildFile; fileRef = B716D0A715DBDDFF00BD4AB1 /* GCDAsyncSocket.m */; };
		B716D0CF15DBDE2200BD4AB1 /* DDAbstractDatabaseLogger.m in Sources */ = {isa = PBXBuildFile; fileRef = B716D0AB15DBDDFF00BD4AB1 /* DDAbstractDatabaseLogger.m */; };
		B716D0D015DBDE2200BD4AB1 /* DDASLLogger.m in Sources */ = {isa = PBXBuildFile; fileRef = B716D0AD15DBDDFF00BD4AB1 /* DDASLLogger.m */; };
		B716D0D115DBDE2200BD4AB1 /* DDFileLogger.m in Sources */ = {isa = PBXBuildFile; fileRef = B716D0AF15DBDDFF00BD4AB1 /* DDFileLogger.m */; };
		B716D0D215DBDE2200BD4AB1 /* DDLog.m in Sources */ = {isa = PBXBuildFile; fileRef = B716D0B115DBDDFF00BD4AB1 /* DDLog.m */; };
		B716D0D315DBDE2200BD4AB1 /* DDTTYLogger.m in Sources */ = {isa = PBXBuildFile; fileRef = B716D0B315DBDDFF00BD4AB1 /* DDTTYLogger.m */; };
		B716D0D415DBDE2200BD4AB1 /* ContextFilterLogFormatter.m in Sources */ = {isa = PBXBuildFile; fileRef = B716D0B615DBDDFF00BD4AB1 /* ContextFilterLogFormatter.m */; };
		B716D0D515DBDE2200BD4AB1 /* DispatchQueueLogFormatter.m in Sources */ = {isa = PBXBuildFile; fileRef = B716D0B815DBDDFF00BD4AB1 /* DispatchQueueLogFormatter.m */; };
		B716D0D715DBDE6B00BD4AB1 /* libxml2.2.dylib in Frameworks */ = {isa = PBXBuildFile; fileRef = B716D0D615DBDE6B00BD4AB1 /* libxml2.2.dylib */; };
/* End PBXBuildFile section */

/* Begin PBXCopyFilesBuildPhase section */
		B716D05915DBDDBA00BD4AB1 /* CopyFiles */ = {
			isa = PBXCopyFilesBuildPhase;
			buildActionMask = 2147483647;
			dstPath = "include/${PRODUCT_NAME}";
			dstSubfolderSpec = 16;
			files = (
			);
			runOnlyForDeploymentPostprocessing = 0;
		};
/* End PBXCopyFilesBuildPhase section */

/* Begin PBXFileReference section */
		B716D05B15DBDDBA00BD4AB1 /* libCocoaHTTPServerTouch.a */ = {isa = PBXFileReference; explicitFileType = archive.ar; includeInIndex = 0; path = libCocoaHTTPServerTouch.a; sourceTree = BUILT_PRODUCTS_DIR; };
		B716D05E15DBDDBA00BD4AB1 /* Foundation.framework */ = {isa = PBXFileReference; lastKnownFileType = wrapper.framework; name = Foundation.framework; path = System/Library/Frameworks/Foundation.framework; sourceTree = SDKROOT; };
		B716D06215DBDDBA00BD4AB1 /* CocoaHTTPServerTouch-Prefix.pch */ = {isa = PBXFileReference; lastKnownFileType = sourcecode.c.h; name = "CocoaHTTPServerTouch-Prefix.pch"; path = "../CocoaHTTPServerTouch-Prefix.pch"; sourceTree = "<group>"; };
		B716D07515DBDDFF00BD4AB1 /* DDData.h */ = {isa = PBXFileReference; lastKnownFileType = sourcecode.c.h; path = DDData.h; sourceTree = "<group>"; };
		B716D07615DBDDFF00BD4AB1 /* DDData.m */ = {isa = PBXFileReference; lastKnownFileType = sourcecode.c.objc; path = DDData.m; sourceTree = "<group>"; };
		B716D07715DBDDFF00BD4AB1 /* DDNumber.h */ = {isa = PBXFileReference; lastKnownFileType = sourcecode.c.h; path = DDNumber.h; sourceTree = "<group>"; };
		B716D07815DBDDFF00BD4AB1 /* DDNumber.m */ = {isa = PBXFileReference; lastKnownFileType = sourcecode.c.objc; path = DDNumber.m; sourceTree = "<group>"; };
		B716D07915DBDDFF00BD4AB1 /* DDRange.h */ = {isa = PBXFileReference; lastKnownFileType = sourcecode.c.h; path = DDRange.h; sourceTree = "<group>"; };
		B716D07A15DBDDFF00BD4AB1 /* DDRange.m */ = {isa = PBXFileReference; lastKnownFileType = sourcecode.c.objc; path = DDRange.m; sourceTree = "<group>"; };
		B716D07B15DBDDFF00BD4AB1 /* RHHTTPAuthenticationRequest.h */ = {isa = PBXFileReference; lastKnownFileType = sourcecode.c.h; path = RHHTTPAuthenticationRequest.h; sourceTree = "<group>"; };
		B716D07C15DBDDFF00BD4AB1 /* RHHTTPAuthenticationRequest.m */ = {isa = PBXFileReference; lastKnownFileType = sourcecode.c.objc; path = RHHTTPAuthenticationRequest.m; sourceTree = "<group>"; };
		B716D07D15DBDDFF00BD4AB1 /* RHHTTPConnection.h */ = {isa = PBXFileReference; lastKnownFileType = sourcecode.c.h; path = RHHTTPConnection.h; sourceTree = "<group>"; };
		B716D07E15DBDDFF00BD4AB1 /* RHHTTPConnection.m */ = {isa = PBXFileReference; lastKnownFileType = sourcecode.c.objc; path = RHHTTPConnection.m; sourceTree = "<group>"; };
		B716D07F15DBDDFF00BD4AB1 /* HTTPLogging.h */ = {isa = PBXFileReference; lastKnownFileType = sourcecode.c.h; path = HTTPLogging.h; sourceTree = "<group>"; };
		B716D08015DBDDFF00BD4AB1 /* RHHTTPMessage.h */ = {isa = PBXFileReference; lastKnownFileType = sourcecode.c.h; path = RHHTTPMessage.h; sourceTree = "<group>"; };
		B716D08115DBDDFF00BD4AB1 /* RHHTTPMessage.m */ = {isa = PBXFileReference; lastKnownFileType = sourcecode.c.objc; path = RHHTTPMessage.m; sourceTree = "<group>"; };
		B716D08215DBDDFF00BD4AB1 /* RHHTTPResponse.h */ = {isa = PBXFileReference; lastKnownFileType = sourcecode.c.h; path = RHHTTPResponse.h; sourceTree = "<group>"; };
		B716D08315DBDDFF00BD4AB1 /* RHHTTPServer.h */ = {isa = PBXFileReference; lastKnownFileType = sourcecode.c.h; path = RHHTTPServer.h; sourceTree = "<group>"; };
		B716D08415DBDDFF00BD4AB1 /* RHHTTPServer.m */ = {isa = PBXFileReference; lastKnownFileType = sourcecode.c.objc; path = RHHTTPServer.m; sourceTree = "<group>"; };
		B716D08615DBDDFF00BD4AB1 /* RHMultipartFormDataParser.h */ = {isa = PBXFileReference; lastKnownFileType = sourcecode.c.h; path = RHMultipartFormDataParser.h; sourceTree = "<group>"; };
		B716D08715DBDDFF00BD4AB1 /* RHMultipartFormDataParser.m */ = {isa = PBXFileReference; lastKnownFileType = sourcecode.c.objc; path = RHMultipartFormDataParser.m; sourceTree = "<group>"; };
		B716D08815DBDDFF00BD4AB1 /* RHMultipartMessageHeader.h */ = {isa = PBXFileReference; lastKnownFileType = sourcecode.c.h; path = RHMultipartMessageHeader.h; sourceTree = "<group>"; };
		B716D08915DBDDFF00BD4AB1 /* RHMultipartMessageHeader.m */ = {isa = PBXFileReference; lastKnownFileType = sourcecode.c.objc; path = RHMultipartMessageHeader.m; sourceTree = "<group>"; };
		B716D08A15DBDDFF00BD4AB1 /* RHMultipartMessageHeaderField.h */ = {isa = PBXFileReference; lastKnownFileType = sourcecode.c.h; path = RHMultipartMessageHeaderField.h; sourceTree = "<group>"; };
		B716D08B15DBDDFF00BD4AB1 /* RHMultipartMessageHeaderField.m */ = {isa = PBXFileReference; lastKnownFileType = sourcecode.c.objc; path = RHMultipartMessageHeaderField.m; sourceTree = "<group>"; };
		B716D08D15DBDDFF00BD4AB1 /* RHHTTPAsyncFileResponse.h */ = {isa = PBXFileReference; lastKnownFileType = sourcecode.c.h; path = RHHTTPAsyncFileResponse.h; sourceTree = "<group>"; };
		B716D08E15DBDDFF00BD4AB1 /* RHHTTPAsyncFileResponse.m */ = {isa = PBXFileReference; lastKnownFileType = sourcecode.c.objc; path = RHHTTPAsyncFileResponse.m; sourceTree = "<group>"; };
		B716D08F15DBDDFF00BD4AB1 /* RHHTTPDataResponse.h */ = {isa = PBXFileReference; lastKnownFileType = sourcecode.c.h; path = RHHTTPDataResponse.h; sourceTree = "<group>"; };
		B716D09015DBDDFF00BD4AB1 /* RHHTTPDataResponse.m */ = {isa = PBXFileReference; lastKnownFileType = sourcecode.c.objc; path = RHHTTPDataResponse.m; sourceTree = "<group>"; };
		B716D09115DBDDFF00BD4AB1 /* RHHTTPDynamicFileResponse.h */ = {isa = PBXFileReference; lastKnownFileType = sourcecode.c.h; path = RHHTTPDynamicFileResponse.h; sourceTree = "<group>"; };
		B716D09215DBDDFF00BD4AB1 /* RHHTTPDynamicFileResponse.m */ = {isa = PBXFileReference; lastKnownFileType = sourcecode.c.objc; path = RHHTTPDynamicFileResponse.m; sourceTree = "<group>"; };
		B716D09315DBDDFF00BD4AB1 /* RHHTTPFileResponse.h */ = {isa = PBXFileReference; lastKnownFileType = sourcecode.c.h; path = RHHTTPFileResponse.h; sourceTree = "<group>"; };
		B716D09415DBDDFF00BD4AB1 /* RHHTTPFileResponse.m */ = {isa = PBXFileReference; lastKnownFileType = sourcecode.c.objc; path = RHHTTPFileResponse.m; sourceTree = "<group>"; };
		B716D09515DBDDFF00BD4AB1 /* RHHTTPRedirectResponse.h */ = {isa = PBXFileReference; lastKnownFileType = sourcecode.c.h; path = RHHTTPRedirectResponse.h; sourceTree = "<group>"; };
		B716D09615DBDDFF00BD4AB1 /* RHHTTPRedirectResponse.m */ = {isa = PBXFileReference; lastKnownFileType = sourcecode.c.objc; path = RHHTTPRedirectResponse.m; sourceTree = "<group>"; };
		B716D09715DBDDFF00BD4AB1 /* RHWebSocket.h */ = {isa = PBXFileReference; lastKnownFileType = sourcecode.c.h; path = RHWebSocket.h; sourceTree = "<group>"; };
		B716D09815DBDDFF00BD4AB1 /* RHWebSocket.m */ = {isa = PBXFileReference; lastKnownFileType = sourcecode.c.objc; path = RHWebSocket.m; sourceTree = "<group>"; };
		B716D09B15DBDDFF00BD4AB1 /* RHDAVConnection.h */ = {isa = PBXFileReference; lastKnownFileType = sourcecode.c.h; path = RHDAVConnection.h; sourceTree = "<group>"; };
		B716D09C15DBDDFF00BD4AB1 /* RHDAVConnection.m */ = {isa = PBXFileReference; lastKnownFileType = sourcecode.c.objc; path = RHDAVConnection.m; sourceTree = "<group>"; };
		B716D09D15DBDDFF00BD4AB1 /* RHDAVResponse.h */ = {isa = PBXFileReference; lastKnownFileType = sourcecode.c.h; path = RHDAVResponse.h; sourceTree = "<group>"; };
		B716D09E15DBDDFF00BD4AB1 /* RHDAVResponse.m */ = {isa = PBXFileReference; lastKnownFileType = sourcecode.c.objc; path = RHDAVResponse.m; sourceTree = "<group>"; };
		B716D09F15DBDDFF00BD4AB1 /* RHDELETEResponse.h */ = {isa = PBXFileReference; lastKnownFileType = sourcecode.c.h; path = RHDELETEResponse.h; sourceTree = "<group>"; };
		B716D0A015DBDDFF00BD4AB1 /* RHDELETEResponse.m */ = {isa = PBXFileReference; lastKnownFileType = sourcecode.c.objc; path = RHDELETEResponse.m; sourceTree = "<group>"; };
		B716D0A115DBDDFF00BD4AB1 /* RHPUTResponse.h */ = {isa = PBXFileReference; lastKnownFileType = sourcecode.c.h; path = RHPUTResponse.h; sourceTree = "<group>"; };
		B716D0A215DBDDFF00BD4AB1 /* RHPUTResponse.m */ = {isa = PBXFileReference; lastKnownFileType = sourcecode.c.objc; path = RHPUTResponse.m; sourceTree = "<group>"; };
		B716D0A615DBDDFF00BD4AB1 /* GCDAsyncSocket.h */ = {isa = PBXFileReference; lastKnownFileType = sourcecode.c.h; path = GCDAsyncSocket.h; sourceTree = "<group>"; };
		B716D0A715DBDDFF00BD4AB1 /* GCDAsyncSocket.m */ = {isa = PBXFileReference; lastKnownFileType = sourcecode.c.objc; path = GCDAsyncSocket.m; sourceTree = "<group>"; };
		B716D0AA15DBDDFF00BD4AB1 /* DDAbstractDatabaseLogger.h */ = {isa = PBXFileReference; lastKnownFileType = sourcecode.c.h; path = DDAbstractDatabaseLogger.h; sourceTree = "<group>"; };
		B716D0AB15DBDDFF00BD4AB1 /* DDAbstractDatabaseLogger.m */ = {isa = PBXFileReference; lastKnownFileType = sourcecode.c.objc; path = DDAbstractDatabaseLogger.m; sourceTree = "<group>"; };
		B716D0AC15DBDDFF00BD4AB1 /* DDASLLogger.h */ = {isa = PBXFileReference; lastKnownFileType = sourcecode.c.h; path = DDASLLogger.h; sourceTree = "<group>"; };
		B716D0AD15DBDDFF00BD4AB1 /* DDASLLogger.m */ = {isa = PBXFileReference; lastKnownFileType = sourcecode.c.objc; path = DDASLLogger.m; sourceTree = "<group>"; };
		B716D0AE15DBDDFF00BD4AB1 /* DDFileLogger.h */ = {isa = PBXFileReference; lastKnownFileType = sourcecode.c.h; path = DDFileLogger.h; sourceTree = "<group>"; };
		B716D0AF15DBDDFF00BD4AB1 /* DDFileLogger.m */ = {isa = PBXFileReference; lastKnownFileType = sourcecode.c.objc; path = DDFileLogger.m; sourceTree = "<group>"; };
		B716D0B015DBDDFF00BD4AB1 /* DDLog.h */ = {isa = PBXFileReference; lastKnownFileType = sourcecode.c.h; path = DDLog.h; sourceTree = "<group>"; };
		B716D0B115DBDDFF00BD4AB1 /* DDLog.m */ = {isa = PBXFileReference; lastKnownFileType = sourcecode.c.objc; path = DDLog.m; sourceTree = "<group>"; };
		B716D0B215DBDDFF00BD4AB1 /* DDTTYLogger.h */ = {isa = PBXFileReference; lastKnownFileType = sourcecode.c.h; path = DDTTYLogger.h; sourceTree = "<group>"; };
		B716D0B315DBDDFF00BD4AB1 /* DDTTYLogger.m */ = {isa = PBXFileReference; lastKnownFileType = sourcecode.c.objc; path = DDTTYLogger.m; sourceTree = "<group>"; };
		B716D0B515DBDDFF00BD4AB1 /* ContextFilterLogFormatter.h */ = {isa = PBXFileReference; lastKnownFileType = sourcecode.c.h; path = ContextFilterLogFormatter.h; sourceTree = "<group>"; };
		B716D0B615DBDDFF00BD4AB1 /* ContextFilterLogFormatter.m */ = {isa = PBXFileReference; lastKnownFileType = sourcecode.c.objc; path = ContextFilterLogFormatter.m; sourceTree = "<group>"; };
		B716D0B715DBDDFF00BD4AB1 /* DispatchQueueLogFormatter.h */ = {isa = PBXFileReference; lastKnownFileType = sourcecode.c.h; path = DispatchQueueLogFormatter.h; sourceTree = "<group>"; };
		B716D0B815DBDDFF00BD4AB1 /* DispatchQueueLogFormatter.m */ = {isa = PBXFileReference; lastKnownFileType = sourcecode.c.objc; path = DispatchQueueLogFormatter.m; sourceTree = "<group>"; };
		B716D0B915DBDDFF00BD4AB1 /* README.txt */ = {isa = PBXFileReference; lastKnownFileType = text; path = README.txt; sourceTree = "<group>"; };
		B716D0D615DBDE6B00BD4AB1 /* libxml2.2.dylib */ = {isa = PBXFileReference; lastKnownFileType = "compiled.mach-o.dylib"; name = libxml2.2.dylib; path = usr/lib/libxml2.2.dylib; sourceTree = SDKROOT; };
/* End PBXFileReference section */

/* Begin PBXFrameworksBuildPhase section */
		B716D05815DBDDBA00BD4AB1 /* Frameworks */ = {
			isa = PBXFrameworksBuildPhase;
			buildActionMask = 2147483647;
			files = (
				B716D0D715DBDE6B00BD4AB1 /* libxml2.2.dylib in Frameworks */,
				B716D05F15DBDDBA00BD4AB1 /* Foundation.framework in Frameworks */,
			);
			runOnlyForDeploymentPostprocessing = 0;
		};
/* End PBXFrameworksBuildPhase section */

/* Begin PBXGroup section */
		B716D05015DBDDBA00BD4AB1 = {
			isa = PBXGroup;
			children = (
				B716D06015DBDDBA00BD4AB1 /* CocoaHTTPServerTouch */,
				B716D05D15DBDDBA00BD4AB1 /* Frameworks */,
				B716D05C15DBDDBA00BD4AB1 /* Products */,
			);
			sourceTree = "<group>";
		};
		B716D05C15DBDDBA00BD4AB1 /* Products */ = {
			isa = PBXGroup;
			children = (
				B716D05B15DBDDBA00BD4AB1 /* libCocoaHTTPServerTouch.a */,
			);
			name = Products;
			sourceTree = "<group>";
		};
		B716D05D15DBDDBA00BD4AB1 /* Frameworks */ = {
			isa = PBXGroup;
			children = (
				B716D0D615DBDE6B00BD4AB1 /* libxml2.2.dylib */,
				B716D05E15DBDDBA00BD4AB1 /* Foundation.framework */,
			);
			name = Frameworks;
			sourceTree = "<group>";
		};
		B716D06015DBDDBA00BD4AB1 /* CocoaHTTPServerTouch */ = {
			isa = PBXGroup;
			children = (
				B716D07315DBDDFF00BD4AB1 /* Core */,
				B716D09915DBDDFF00BD4AB1 /* Extensions */,
				B716D0A315DBDDFF00BD4AB1 /* Vendor */,
				B716D06115DBDDBA00BD4AB1 /* Supporting Files */,
			);
			path = CocoaHTTPServerTouch;
			sourceTree = "<group>";
		};
		B716D06115DBDDBA00BD4AB1 /* Supporting Files */ = {
			isa = PBXGroup;
			children = (
				B716D06215DBDDBA00BD4AB1 /* CocoaHTTPServerTouch-Prefix.pch */,
			);
			name = "Supporting Files";
			sourceTree = "<group>";
		};
		B716D07315DBDDFF00BD4AB1 /* Core */ = {
			isa = PBXGroup;
			children = (
				B716D07415DBDDFF00BD4AB1 /* Categories */,
				B716D07B15DBDDFF00BD4AB1 /* RHHTTPAuthenticationRequest.h */,
				B716D07C15DBDDFF00BD4AB1 /* RHHTTPAuthenticationRequest.m */,
				B716D07D15DBDDFF00BD4AB1 /* RHHTTPConnection.h */,
				B716D07E15DBDDFF00BD4AB1 /* RHHTTPConnection.m */,
				B716D07F15DBDDFF00BD4AB1 /* HTTPLogging.h */,
				B716D08015DBDDFF00BD4AB1 /* RHHTTPMessage.h */,
				B716D08115DBDDFF00BD4AB1 /* RHHTTPMessage.m */,
				B716D08215DBDDFF00BD4AB1 /* RHHTTPResponse.h */,
				B716D08315DBDDFF00BD4AB1 /* RHHTTPServer.h */,
				B716D08415DBDDFF00BD4AB1 /* RHHTTPServer.m */,
				B716D08515DBDDFF00BD4AB1 /* Mime */,
				B716D08C15DBDDFF00BD4AB1 /* Responses */,
				B716D09715DBDDFF00BD4AB1 /* RHWebSocket.h */,
				B716D09815DBDDFF00BD4AB1 /* RHWebSocket.m */,
			);
			path = Core;
			sourceTree = SOURCE_ROOT;
		};
		B716D07415DBDDFF00BD4AB1 /* Categories */ = {
			isa = PBXGroup;
			children = (
				B716D07515DBDDFF00BD4AB1 /* DDData.h */,
				B716D07615DBDDFF00BD4AB1 /* DDData.m */,
				B716D07715DBDDFF00BD4AB1 /* DDNumber.h */,
				B716D07815DBDDFF00BD4AB1 /* DDNumber.m */,
				B716D07915DBDDFF00BD4AB1 /* DDRange.h */,
				B716D07A15DBDDFF00BD4AB1 /* DDRange.m */,
			);
			path = Categories;
			sourceTree = "<group>";
		};
		B716D08515DBDDFF00BD4AB1 /* Mime */ = {
			isa = PBXGroup;
			children = (
				B716D08615DBDDFF00BD4AB1 /* RHMultipartFormDataParser.h */,
				B716D08715DBDDFF00BD4AB1 /* RHMultipartFormDataParser.m */,
				B716D08815DBDDFF00BD4AB1 /* RHMultipartMessageHeader.h */,
				B716D08915DBDDFF00BD4AB1 /* RHMultipartMessageHeader.m */,
				B716D08A15DBDDFF00BD4AB1 /* RHMultipartMessageHeaderField.h */,
				B716D08B15DBDDFF00BD4AB1 /* RHMultipartMessageHeaderField.m */,
			);
			path = Mime;
			sourceTree = "<group>";
		};
		B716D08C15DBDDFF00BD4AB1 /* Responses */ = {
			isa = PBXGroup;
			children = (
				B716D08D15DBDDFF00BD4AB1 /* RHHTTPAsyncFileResponse.h */,
				B716D08E15DBDDFF00BD4AB1 /* RHHTTPAsyncFileResponse.m */,
				B716D08F15DBDDFF00BD4AB1 /* RHHTTPDataResponse.h */,
				B716D09015DBDDFF00BD4AB1 /* RHHTTPDataResponse.m */,
				B716D09115DBDDFF00BD4AB1 /* RHHTTPDynamicFileResponse.h */,
				B716D09215DBDDFF00BD4AB1 /* RHHTTPDynamicFileResponse.m */,
				B716D09315DBDDFF00BD4AB1 /* RHHTTPFileResponse.h */,
				B716D09415DBDDFF00BD4AB1 /* RHHTTPFileResponse.m */,
				B716D09515DBDDFF00BD4AB1 /* RHHTTPRedirectResponse.h */,
				B716D09615DBDDFF00BD4AB1 /* RHHTTPRedirectResponse.m */,
			);
			path = Responses;
			sourceTree = "<group>";
		};
		B716D09915DBDDFF00BD4AB1 /* Extensions */ = {
			isa = PBXGroup;
			children = (
				B716D09A15DBDDFF00BD4AB1 /* WebDAV */,
			);
			path = Extensions;
			sourceTree = SOURCE_ROOT;
		};
		B716D09A15DBDDFF00BD4AB1 /* WebDAV */ = {
			isa = PBXGroup;
			children = (
				B716D09B15DBDDFF00BD4AB1 /* RHDAVConnection.h */,
				B716D09C15DBDDFF00BD4AB1 /* RHDAVConnection.m */,
				B716D09D15DBDDFF00BD4AB1 /* RHDAVResponse.h */,
				B716D09E15DBDDFF00BD4AB1 /* RHDAVResponse.m */,
				B716D09F15DBDDFF00BD4AB1 /* RHDELETEResponse.h */,
				B716D0A015DBDDFF00BD4AB1 /* RHDELETEResponse.m */,
				B716D0A115DBDDFF00BD4AB1 /* RHPUTResponse.h */,
				B716D0A215DBDDFF00BD4AB1 /* RHPUTResponse.m */,
			);
			path = WebDAV;
			sourceTree = "<group>";
		};
		B716D0A315DBDDFF00BD4AB1 /* Vendor */ = {
			isa = PBXGroup;
			children = (
				B716D0A415DBDDFF00BD4AB1 /* CocoaAsyncSocket */,
				B716D0A815DBDDFF00BD4AB1 /* CocoaLumberjack */,
			);
			path = Vendor;
			sourceTree = SOURCE_ROOT;
		};
		B716D0A415DBDDFF00BD4AB1 /* CocoaAsyncSocket */ = {
			isa = PBXGroup;
			children = (
				B716D0A615DBDDFF00BD4AB1 /* GCDAsyncSocket.h */,
				B716D0A715DBDDFF00BD4AB1 /* GCDAsyncSocket.m */,
			);
			path = CocoaAsyncSocket;
			sourceTree = "<group>";
		};
		B716D0A815DBDDFF00BD4AB1 /* CocoaLumberjack */ = {
			isa = PBXGroup;
			children = (
				B716D0AA15DBDDFF00BD4AB1 /* DDAbstractDatabaseLogger.h */,
				B716D0AB15DBDDFF00BD4AB1 /* DDAbstractDatabaseLogger.m */,
				B716D0AC15DBDDFF00BD4AB1 /* DDASLLogger.h */,
				B716D0AD15DBDDFF00BD4AB1 /* DDASLLogger.m */,
				B716D0AE15DBDDFF00BD4AB1 /* DDFileLogger.h */,
				B716D0AF15DBDDFF00BD4AB1 /* DDFileLogger.m */,
				B716D0B015DBDDFF00BD4AB1 /* DDLog.h */,
				B716D0B115DBDDFF00BD4AB1 /* DDLog.m */,
				B716D0B215DBDDFF00BD4AB1 /* DDTTYLogger.h */,
				B716D0B315DBDDFF00BD4AB1 /* DDTTYLogger.m */,
				B716D0B415DBDDFF00BD4AB1 /* Extensions */,
			);
			path = CocoaLumberjack;
			sourceTree = "<group>";
		};
		B716D0B415DBDDFF00BD4AB1 /* Extensions */ = {
			isa = PBXGroup;
			children = (
				B716D0B515DBDDFF00BD4AB1 /* ContextFilterLogFormatter.h */,
				B716D0B615DBDDFF00BD4AB1 /* ContextFilterLogFormatter.m */,
				B716D0B715DBDDFF00BD4AB1 /* DispatchQueueLogFormatter.h */,
				B716D0B815DBDDFF00BD4AB1 /* DispatchQueueLogFormatter.m */,
				B716D0B915DBDDFF00BD4AB1 /* README.txt */,
			);
			path = Extensions;
			sourceTree = "<group>";
		};
/* End PBXGroup section */

/* Begin PBXNativeTarget section */
		B716D05A15DBDDBA00BD4AB1 /* CocoaHTTPServerTouch */ = {
			isa = PBXNativeTarget;
			buildConfigurationList = B716D06915DBDDBA00BD4AB1 /* Build configuration list for PBXNativeTarget "CocoaHTTPServerTouch" */;
			buildPhases = (
				B716D05715DBDDBA00BD4AB1 /* Sources */,
				B716D05815DBDDBA00BD4AB1 /* Frameworks */,
				B716D05915DBDDBA00BD4AB1 /* CopyFiles */,
			);
			buildRules = (
			);
			dependencies = (
			);
			name = CocoaHTTPServerTouch;
			productName = CocoaHTTPServerTouch;
			productReference = B716D05B15DBDDBA00BD4AB1 /* libCocoaHTTPServerTouch.a */;
			productType = "com.apple.product-type.library.static";
		};
/* End PBXNativeTarget section */

/* Begin PBXProject section */
		B716D05215DBDDBA00BD4AB1 /* Project object */ = {
			isa = PBXProject;
			attributes = {
				LastUpgradeCheck = 0440;
				ORGANIZATIONNAME = "Fabio Gallonetto";
			};
			buildConfigurationList = B716D05515DBDDBA00BD4AB1 /* Build configuration list for PBXProject "CocoaHTTPServerTouch" */;
			compatibilityVersion = "Xcode 3.2";
			developmentRegion = English;
			hasScannedForEncodings = 0;
			knownRegions = (
				en,
			);
			mainGroup = B716D05015DBDDBA00BD4AB1;
			productRefGroup = B716D05C15DBDDBA00BD4AB1 /* Products */;
			projectDirPath = "";
			projectRoot = "";
			targets = (
				B716D05A15DBDDBA00BD4AB1 /* CocoaHTTPServerTouch */,
			);
		};
/* End PBXProject section */

/* Begin PBXSourcesBuildPhase section */
		B716D05715DBDDBA00BD4AB1 /* Sources */ = {
			isa = PBXSourcesBuildPhase;
			buildActionMask = 2147483647;
			files = (
				B716D0BA15DBDE1500BD4AB1 /* DDData.m in Sources */,
				B716D0BB15DBDE1500BD4AB1 /* DDNumber.m in Sources */,
				B716D0BC15DBDE1500BD4AB1 /* DDRange.m in Sources */,
				B716D0BD15DBDE1500BD4AB1 /* RHHTTPAuthenticationRequest.m in Sources */,
				B716D0BE15DBDE1500BD4AB1 /* RHHTTPConnection.m in Sources */,
				B716D0BF15DBDE1500BD4AB1 /* RHHTTPMessage.m in Sources */,
				B716D0C015DBDE1500BD4AB1 /* RHHTTPServer.m in Sources */,
				B716D0C115DBDE1800BD4AB1 /* RHMultipartFormDataParser.m in Sources */,
				B716D0C215DBDE1800BD4AB1 /* RHMultipartMessageHeader.m in Sources */,
				B716D0C315DBDE1800BD4AB1 /* RHMultipartMessageHeaderField.m in Sources */,
				B716D0C415DBDE1B00BD4AB1 /* RHHTTPAsyncFileResponse.m in Sources */,
				B716D0C515DBDE1B00BD4AB1 /* RHHTTPDataResponse.m in Sources */,
				B716D0C615DBDE1B00BD4AB1 /* RHHTTPDynamicFileResponse.m in Sources */,
				B716D0C715DBDE1B00BD4AB1 /* RHHTTPFileResponse.m in Sources */,
				B716D0C815DBDE1B00BD4AB1 /* RHHTTPRedirectResponse.m in Sources */,
				B716D0C915DBDE1B00BD4AB1 /* RHWebSocket.m in Sources */,
				B716D0CA15DBDE1D00BD4AB1 /* RHDAVConnection.m in Sources */,
				B716D0CB15DBDE1D00BD4AB1 /* RHDAVResponse.m in Sources */,
				B716D0CC15DBDE1D00BD4AB1 /* RHDELETEResponse.m in Sources */,
				B716D0CD15DBDE1D00BD4AB1 /* RHPUTResponse.m in Sources */,
				B716D0CE15DBDE2200BD4AB1 /* GCDAsyncSocket.m in Sources */,
				B716D0CF15DBDE2200BD4AB1 /* DDAbstractDatabaseLogger.m in Sources */,
				B716D0D015DBDE2200BD4AB1 /* DDASLLogger.m in Sources */,
				B716D0D115DBDE2200BD4AB1 /* DDFileLogger.m in Sources */,
				B716D0D215DBDE2200BD4AB1 /* DDLog.m in Sources */,
				B716D0D315DBDE2200BD4AB1 /* DDTTYLogger.m in Sources */,
				B716D0D415DBDE2200BD4AB1 /* ContextFilterLogFormatter.m in Sources */,
				B716D0D515DBDE2200BD4AB1 /* DispatchQueueLogFormatter.m in Sources */,
			);
			runOnlyForDeploymentPostprocessing = 0;
		};
/* End PBXSourcesBuildPhase section */

/* Begin XCBuildConfiguration section */
		B716D06715DBDDBA00BD4AB1 /* Debug */ = {
			isa = XCBuildConfiguration;
			buildSettings = {
				ALWAYS_SEARCH_USER_PATHS = NO;
				ARCHS = "$(ARCHS_STANDARD_32_BIT)";
				CLANG_CXX_LANGUAGE_STANDARD = "gnu++0x";
				CLANG_ENABLE_OBJC_ARC = YES;
				CLANG_WARN__DUPLICATE_METHOD_MATCH = YES;
				COPY_PHASE_STRIP = NO;
				GCC_C_LANGUAGE_STANDARD = gnu99;
				GCC_DYNAMIC_NO_PIC = NO;
				GCC_OPTIMIZATION_LEVEL = 0;
				GCC_PREPROCESSOR_DEFINITIONS = (
					"DEBUG=1",
					"$(inherited)",
				);
				GCC_SYMBOLS_PRIVATE_EXTERN = NO;
				GCC_VERSION = com.apple.compilers.llvm.clang.1_0;
				GCC_WARN_ABOUT_RETURN_TYPE = YES;
				GCC_WARN_UNINITIALIZED_AUTOS = YES;
				GCC_WARN_UNUSED_VARIABLE = YES;
				HEADER_SEARCH_PATHS = "\"$(SDK_DIR)\"/usr/include/libxml2";
				IPHONEOS_DEPLOYMENT_TARGET = 5.1;
				SDKROOT = iphoneos;
			};
			name = Debug;
		};
		B716D06815DBDDBA00BD4AB1 /* Release */ = {
			isa = XCBuildConfiguration;
			buildSettings = {
				ALWAYS_SEARCH_USER_PATHS = NO;
				ARCHS = "$(ARCHS_STANDARD_32_BIT)";
				CLANG_CXX_LANGUAGE_STANDARD = "gnu++0x";
				CLANG_ENABLE_OBJC_ARC = YES;
				CLANG_WARN__DUPLICATE_METHOD_MATCH = YES;
				COPY_PHASE_STRIP = YES;
				GCC_C_LANGUAGE_STANDARD = gnu99;
				GCC_VERSION = com.apple.compilers.llvm.clang.1_0;
				GCC_WARN_ABOUT_RETURN_TYPE = YES;
				GCC_WARN_UNINITIALIZED_AUTOS = YES;
				GCC_WARN_UNUSED_VARIABLE = YES;
				HEADER_SEARCH_PATHS = "\"$(SDK_DIR)\"/usr/include/libxml2";
				IPHONEOS_DEPLOYMENT_TARGET = 5.1;
				SDKROOT = iphoneos;
				VALIDATE_PRODUCT = YES;
			};
			name = Release;
		};
		B716D06A15DBDDBA00BD4AB1 /* Debug */ = {
			isa = XCBuildConfiguration;
			buildSettings = {
				DSTROOT = /tmp/CocoaHTTPServerTouch.dst;
				GCC_PRECOMPILE_PREFIX_HEADER = YES;
				GCC_PREFIX_HEADER = "CocoaHTTPServerTouch-Prefix.pch";
				OTHER_LDFLAGS = "-ObjC";
				PRODUCT_NAME = "$(TARGET_NAME)";
				SKIP_INSTALL = YES;
			};
			name = Debug;
		};
		B716D06B15DBDDBA00BD4AB1 /* Release */ = {
			isa = XCBuildConfiguration;
			buildSettings = {
				DSTROOT = /tmp/CocoaHTTPServerTouch.dst;
				GCC_PRECOMPILE_PREFIX_HEADER = YES;
				GCC_PREFIX_HEADER = "CocoaHTTPServerTouch-Prefix.pch";
				OTHER_LDFLAGS = "-ObjC";
				PRODUCT_NAME = "$(TARGET_NAME)";
				SKIP_INSTALL = YES;
			};
			name = Release;
		};
/* End XCBuildConfiguration section */

/* Begin XCConfigurationList section */
		B716D05515DBDDBA00BD4AB1 /* Build configuration list for PBXProject "CocoaHTTPServerTouch" */ = {
			isa = XCConfigurationList;
			buildConfigurations = (
				B716D06715DBDDBA00BD4AB1 /* Debug */,
				B716D06815DBDDBA00BD4AB1 /* Release */,
			);
			defaultConfigurationIsVisible = 0;
			defaultConfigurationName = Release;
		};
		B716D06915DBDDBA00BD4AB1 /* Build configuration list for PBXNativeTarget "CocoaHTTPServerTouch" */ = {
			isa = XCConfigurationList;
			buildConfigurations = (
				B716D06A15DBDDBA00BD4AB1 /* Debug */,
				B716D06B15DBDDBA00BD4AB1 /* Release */,
			);
			defaultConfigurationIsVisible = 0;
			defaultConfigurationName = Release;
		};
/* End XCConfigurationList section */
	};
	rootObject = B716D05215DBDDBA00BD4AB1 /* Project object */;
}
